// !$*UTF8*$!
{
	archiveVersion = 1;
	classes = {
	};
	objectVersion = 48;
	objects = {

/* Begin PBXBuildFile section */
		744D8F241F91E38300D4B048 /* AppDelegate.swift in Sources */ = {isa = PBXBuildFile; fileRef = 744D8F231F91E38300D4B048 /* AppDelegate.swift */; };
		744D8F261F91E38300D4B048 /* Assets.xcassets in Resources */ = {isa = PBXBuildFile; fileRef = 744D8F251F91E38300D4B048 /* Assets.xcassets */; };
		744D8F291F91E38300D4B048 /* MainMenu.xib in Resources */ = {isa = PBXBuildFile; fileRef = 744D8F271F91E38300D4B048 /* MainMenu.xib */; };
		744D8F341F91E53A00D4B048 /* TopBarController.swift in Sources */ = {isa = PBXBuildFile; fileRef = 744D8F321F91E53A00D4B048 /* TopBarController.swift */; };
		744D8F351F91E53A00D4B048 /* TopBarView.xib in Resources */ = {isa = PBXBuildFile; fileRef = 744D8F331F91E53A00D4B048 /* TopBarView.xib */; };
		745F8F3A1F929AB4006B08AF /* Obstacle01.png in Resources */ = {isa = PBXBuildFile; fileRef = 745F8F2E1F929AAB006B08AF /* Obstacle01.png */; };
		745F8F3B1F929AB4006B08AF /* Obstacle02.png in Resources */ = {isa = PBXBuildFile; fileRef = 745F8F291F929AAA006B08AF /* Obstacle02.png */; };
		745F8F3C1F929AB4006B08AF /* Obstacle03.png in Resources */ = {isa = PBXBuildFile; fileRef = 745F8F361F929AAC006B08AF /* Obstacle03.png */; };
		745F8F3D1F929AB4006B08AF /* Obstacle04.png in Resources */ = {isa = PBXBuildFile; fileRef = 745F8F241F929AAA006B08AF /* Obstacle04.png */; };
		745F8F3E1F929AB4006B08AF /* Obstacle05.png in Resources */ = {isa = PBXBuildFile; fileRef = 745F8F381F929AAC006B08AF /* Obstacle05.png */; };
		745F8F3F1F929AB4006B08AF /* Obstacle06.png in Resources */ = {isa = PBXBuildFile; fileRef = 745F8F231F929AAA006B08AF /* Obstacle06.png */; };
		745F8F401F929AB4006B08AF /* Obstacle07.png in Resources */ = {isa = PBXBuildFile; fileRef = 745F8F301F929AAB006B08AF /* Obstacle07.png */; };
		745F8F411F929AB4006B08AF /* Obstacle08.png in Resources */ = {isa = PBXBuildFile; fileRef = 745F8F311F929AAB006B08AF /* Obstacle08.png */; };
		745F8F421F929AB4006B08AF /* Obstacle09.png in Resources */ = {isa = PBXBuildFile; fileRef = 745F8F331F929AAB006B08AF /* Obstacle09.png */; };
		745F8F431F929AB4006B08AF /* Obstacle10.png in Resources */ = {isa = PBXBuildFile; fileRef = 745F8F271F929AAA006B08AF /* Obstacle10.png */; };
		745F8F441F929AB4006B08AF /* Obstacle11.png in Resources */ = {isa = PBXBuildFile; fileRef = 745F8F1D1F929AAA006B08AF /* Obstacle11.png */; };
		745F8F451F929AB4006B08AF /* Obstacle12.png in Resources */ = {isa = PBXBuildFile; fileRef = 745F8F2A1F929AAB006B08AF /* Obstacle12.png */; };
		745F8F461F929AB4006B08AF /* Obstacle13.png in Resources */ = {isa = PBXBuildFile; fileRef = 745F8F221F929AAA006B08AF /* Obstacle13.png */; };
		745F8F471F929AB4006B08AF /* Obstacle14.png in Resources */ = {isa = PBXBuildFile; fileRef = 745F8F321F929AAB006B08AF /* Obstacle14.png */; };
		745F8F481F929AB4006B08AF /* Obstacle15.png in Resources */ = {isa = PBXBuildFile; fileRef = 745F8F1E1F929AAA006B08AF /* Obstacle15.png */; };
		745F8F491F929AB4006B08AF /* Obstacle16.png in Resources */ = {isa = PBXBuildFile; fileRef = 745F8F1F1F929AAA006B08AF /* Obstacle16.png */; };
		745F8F4A1F929AB4006B08AF /* Obstacle17.png in Resources */ = {isa = PBXBuildFile; fileRef = 745F8F351F929AAC006B08AF /* Obstacle17.png */; };
		745F8F4B1F929AB4006B08AF /* Obstacle18.png in Resources */ = {isa = PBXBuildFile; fileRef = 745F8F2F1F929AAB006B08AF /* Obstacle18.png */; };
		745F8F4C1F929AB4006B08AF /* Obstacle19.png in Resources */ = {isa = PBXBuildFile; fileRef = 745F8F2C1F929AAB006B08AF /* Obstacle19.png */; };
		745F8F4D1F929AB4006B08AF /* Obstacle20.png in Resources */ = {isa = PBXBuildFile; fileRef = 745F8F201F929AAA006B08AF /* Obstacle20.png */; };
		745F8F4E1F929AB4006B08AF /* Obstacle21.png in Resources */ = {isa = PBXBuildFile; fileRef = 745F8F2B1F929AAB006B08AF /* Obstacle21.png */; };
		745F8F4F1F929AB4006B08AF /* Obstacle22.png in Resources */ = {isa = PBXBuildFile; fileRef = 745F8F391F929AAC006B08AF /* Obstacle22.png */; };
		745F8F501F929AB4006B08AF /* Obstacle23.png in Resources */ = {isa = PBXBuildFile; fileRef = 745F8F251F929AAA006B08AF /* Obstacle23.png */; };
		745F8F511F929AB4006B08AF /* Obstacle24.png in Resources */ = {isa = PBXBuildFile; fileRef = 745F8F2D1F929AAB006B08AF /* Obstacle24.png */; };
		745F8F521F929AB4006B08AF /* Obstacle25.png in Resources */ = {isa = PBXBuildFile; fileRef = 745F8F211F929AAA006B08AF /* Obstacle25.png */; };
		745F8F531F929AB4006B08AF /* Obstacle26.png in Resources */ = {isa = PBXBuildFile; fileRef = 745F8F281F929AAA006B08AF /* Obstacle26.png */; };
		745F8F541F929AB4006B08AF /* Obstacle27.png in Resources */ = {isa = PBXBuildFile; fileRef = 745F8F371F929AAC006B08AF /* Obstacle27.png */; };
		745F8F551F929AB4006B08AF /* Obstacle28.png in Resources */ = {isa = PBXBuildFile; fileRef = 745F8F261F929AAA006B08AF /* Obstacle28.png */; };
		745F8F561F929AB4006B08AF /* Obstacle29.png in Resources */ = {isa = PBXBuildFile; fileRef = 745F8F341F929AAC006B08AF /* Obstacle29.png */; };
		74616DEC1FA9997800C9E23D /* SceneView.xib in Resources */ = {isa = PBXBuildFile; fileRef = 74616DEB1FA9997800C9E23D /* SceneView.xib */; };
		74622E7B1F9249CA00690C3C /* ImagesListController.swift in Sources */ = {isa = PBXBuildFile; fileRef = 74622E791F9249CA00690C3C /* ImagesListController.swift */; };
		74622E7C1F9249CA00690C3C /* ImagesListView.xib in Resources */ = {isa = PBXBuildFile; fileRef = 74622E7A1F9249CA00690C3C /* ImagesListView.xib */; };
		74622E951F927FB600690C3C /* Agent01.png in Resources */ = {isa = PBXBuildFile; fileRef = 74622E861F927EEA00690C3C /* Agent01.png */; };
		74622E961F927FBE00690C3C /* Agent02.png in Resources */ = {isa = PBXBuildFile; fileRef = 74622E831F927EEA00690C3C /* Agent02.png */; };
		74622E971F927FBE00690C3C /* Agent03.png in Resources */ = {isa = PBXBuildFile; fileRef = 74622E841F927EEA00690C3C /* Agent03.png */; };
		74622E981F927FBE00690C3C /* Agent04.png in Resources */ = {isa = PBXBuildFile; fileRef = 74622E871F927EEB00690C3C /* Agent04.png */; };
		74622E991F927FBE00690C3C /* Agent05.png in Resources */ = {isa = PBXBuildFile; fileRef = 74622E821F927EEA00690C3C /* Agent05.png */; };
		74622E9A1F927FBE00690C3C /* Agent06.png in Resources */ = {isa = PBXBuildFile; fileRef = 74622E851F927EEA00690C3C /* Agent06.png */; };
		749386351FFFE1A500BAAF8E /* Configuration.swift in Sources */ = {isa = PBXBuildFile; fileRef = 749386341FFFE1A500BAAF8E /* Configuration.swift */; };
		749386381FFFECC300BAAF8E /* PreferencesController.swift in Sources */ = {isa = PBXBuildFile; fileRef = 749386361FFFECC300BAAF8E /* PreferencesController.swift */; };
		749386391FFFECC300BAAF8E /* PreferencesWindow.xib in Resources */ = {isa = PBXBuildFile; fileRef = 749386371FFFECC300BAAF8E /* PreferencesWindow.xib */; };
		7493863B200145C700BAAF8E /* ActiveImageView.swift in Sources */ = {isa = PBXBuildFile; fileRef = 7493863A200145C700BAAF8E /* ActiveImageView.swift */; };
		7493863D20052B3900BAAF8E /* CursorView.swift in Sources */ = {isa = PBXBuildFile; fileRef = 7493863C20052B3900BAAF8E /* CursorView.swift */; };
		749386412007C9F700BAAF8E /* WindowContentView.swift in Sources */ = {isa = PBXBuildFile; fileRef = 749386402007C9F700BAAF8E /* WindowContentView.swift */; };
		74938643200AAAA000BAAF8E /* FlippedClipView.swift in Sources */ = {isa = PBXBuildFile; fileRef = 74938642200AAAA000BAAF8E /* FlippedClipView.swift */; };
		74ECDF621F9913260096468F /* AgentAttributesController.swift in Sources */ = {isa = PBXBuildFile; fileRef = 74ECDF601F9913260096468F /* AgentAttributesController.swift */; };
		74ECDF631F9913260096468F /* AgentAttributesView.xib in Resources */ = {isa = PBXBuildFile; fileRef = 74ECDF611F9913260096468F /* AgentAttributesView.xib */; };
		74ECDF661F9B132C0096468F /* AgentGoalsController.swift in Sources */ = {isa = PBXBuildFile; fileRef = 74ECDF641F9B132C0096468F /* AgentGoalsController.swift */; };
		74ECDF671F9B132C0096468F /* AgentGoalsView.xib in Resources */ = {isa = PBXBuildFile; fileRef = 74ECDF651F9B132C0096468F /* AgentGoalsView.xib */; };
		74ECDF6A1F9B1C630096468F /* AgentEditorController.swift in Sources */ = {isa = PBXBuildFile; fileRef = 74ECDF681F9B1C630096468F /* AgentEditorController.swift */; };
		74ECDF6B1F9B1C630096468F /* AgentEditorView.xib in Resources */ = {isa = PBXBuildFile; fileRef = 74ECDF691F9B1C630096468F /* AgentEditorView.xib */; };
		74ECDF711F9C8ED40096468F /* Objects.txt in Resources */ = {isa = PBXBuildFile; fileRef = 74ECDF701F9C8ED40096468F /* Objects.txt */; };
		74ECDF741F9CB5610096468F /* ItemEditorView.xib in Resources */ = {isa = PBXBuildFile; fileRef = 74ECDF721F9CB5610096468F /* ItemEditorView.xib */; };
		74ECDF751F9CB5610096468F /* ItemEditorController.swift in Sources */ = {isa = PBXBuildFile; fileRef = 74ECDF731F9CB5610096468F /* ItemEditorController.swift */; };
		D4053F051FF5E3A60038953B /* notes.txt in Resources */ = {isa = PBXBuildFile; fileRef = D4053F041FF5E3A60038953B /* notes.txt */; };
		D43A7601200AEA390048796D /* AFInputState.swift in Sources */ = {isa = PBXBuildFile; fileRef = D43A7600200AEA390048796D /* AFInputState.swift */; };
		D43A7605200B23330048796D /* AFContextMenu.swift in Sources */ = {isa = PBXBuildFile; fileRef = D43A7604200B23330048796D /* AFContextMenu.swift */; };
		D4422622200795070013A6E5 /* AFOrderedMap.swift in Sources */ = {isa = PBXBuildFile; fileRef = D4422621200795070013A6E5 /* AFOrderedMap.swift */; };
		D442561A1FE7A19000FC454B /* GameScene.sks in Resources */ = {isa = PBXBuildFile; fileRef = D44256191FE7A19000FC454B /* GameScene.sks */; };
		D442561E1FE7A2F000FC454B /* SceneController.swift in Sources */ = {isa = PBXBuildFile; fileRef = D442561D1FE7A2F000FC454B /* SceneController.swift */; };
		D44256201FE7A41800FC454B /* GameScene.swift in Sources */ = {isa = PBXBuildFile; fileRef = D442561F1FE7A41800FC454B /* GameScene.swift */; };
		D44256251FE8048100FC454B /* AFEntity.swift in Sources */ = {isa = PBXBuildFile; fileRef = D44256241FE8048100FC454B /* AFEntity.swift */; };
		D44256271FE804F000FC454B /* AFAgent2D.swift in Sources */ = {isa = PBXBuildFile; fileRef = D44256261FE804F000FC454B /* AFAgent2D.swift */; };
		D442562B1FE80FA000FC454B /* README.md in Resources */ = {isa = PBXBuildFile; fileRef = D442562A1FE80FA000FC454B /* README.md */; };
		D44FCF2E1FFF5AA30067258D /* (null) in Resources */ = {isa = PBXBuildFile; };
		D4506DD51FFE65B50077A42A /* AFPath.swift in Sources */ = {isa = PBXBuildFile; fileRef = D4506DD41FFE65B50077A42A /* AFPath.swift */; };
		D472A3711FFFD6860030ACA8 /* LogSliderController.swift in Sources */ = {isa = PBXBuildFile; fileRef = D472A36F1FFFD6850030ACA8 /* LogSliderController.swift */; };
		D472A3721FFFD6860030ACA8 /* LogSliderView.xib in Resources */ = {isa = PBXBuildFile; fileRef = D472A3701FFFD6860030ACA8 /* LogSliderView.xib */; };
		D47BC1F41FECCFE600B3CE6B /* Round2.txt in Resources */ = {isa = PBXBuildFile; fileRef = D47BC1F31FECCFE600B3CE6B /* Round2.txt */; };
		D4AEE5F9200FD19400933852 /* AFContextMenuDelegate.swift in Sources */ = {isa = PBXBuildFile; fileRef = D4AEE5F8200FD19400933852 /* AFContextMenuDelegate.swift */; };
		D4AEE5FB200FF44E00933852 /* AFGameSceneDelegate.swift in Sources */ = {isa = PBXBuildFile; fileRef = D4AEE5FA200FF44E00933852 /* AFGameSceneDelegate.swift */; };
		D4C7EADD1FFD01F40008FBCD /* AFCompositeBehavior.swift in Sources */ = {isa = PBXBuildFile; fileRef = D4C7EADC1FFD01F40008FBCD /* AFCompositeBehavior.swift */; };
		D4C7EADF1FFD04730008FBCD /* AFBehavior.swift in Sources */ = {isa = PBXBuildFile; fileRef = D4C7EADE1FFD04730008FBCD /* AFBehavior.swift */; };
		D4C7EAE11FFD06EE0008FBCD /* AFGoal.swift in Sources */ = {isa = PBXBuildFile; fileRef = D4C7EAE01FFD06EE0008FBCD /* AFGoal.swift */; };
		D4C7EAE31FFD93C00008FBCD /* Agent07.png in Resources */ = {isa = PBXBuildFile; fileRef = D4C7EAE21FFD93C00008FBCD /* Agent07.png */; };
		D4C942D9200C39CD00A85BCB /* AFBrowserDelegate.swift in Sources */ = {isa = PBXBuildFile; fileRef = D4C942D8200C39CD00A85BCB /* AFBrowserDelegate.swift */; };
		D4C9616B200EAE2500ACFCC5 /* AFSelectionState.swift in Sources */ = {isa = PBXBuildFile; fileRef = D4C9616A200EAE2500ACFCC5 /* AFSelectionState.swift */; };
		D4D1655B200CA2B60065728D /* AFMenuBarDelegate.swift in Sources */ = {isa = PBXBuildFile; fileRef = D4D1655A200CA2B60065728D /* AFMenuBarDelegate.swift */; };
		D4D1655D200D401E0065728D /* AFTopBarDelegate.swift in Sources */ = {isa = PBXBuildFile; fileRef = D4D1655C200D401E0065728D /* AFTopBarDelegate.swift */; };
		D4D1655F200D45A40065728D /* AFAgentGoalsDelegate.swift in Sources */ = {isa = PBXBuildFile; fileRef = D4D1655E200D45A40065728D /* AFAgentGoalsDelegate.swift */; };
		D4D16561200D61040065728D /* AFItemEditorDelegate.swift in Sources */ = {isa = PBXBuildFile; fileRef = D4D16560200D61040065728D /* AFItemEditorDelegate.swift */; };
		D4D16564200E93420065728D /* AFCore.swift in Sources */ = {isa = PBXBuildFile; fileRef = D4D16563200E93420065728D /* AFCore.swift */; };
		D4D16566200E938E0065728D /* AFData.swift in Sources */ = {isa = PBXBuildFile; fileRef = D4D16565200E938E0065728D /* AFData.swift */; };
		D4D16568200E942E0065728D /* AFInputState_Draw.swift in Sources */ = {isa = PBXBuildFile; fileRef = D4D16567200E942E0065728D /* AFInputState_Draw.swift */; };
		D4D1656A200E945B0065728D /* AFInputState_Place.swift in Sources */ = {isa = PBXBuildFile; fileRef = D4D16569200E945B0065728D /* AFInputState_Place.swift */; };
		D4F779E320087057005179BA /* AFGraphNode2D.swift in Sources */ = {isa = PBXBuildFile; fileRef = D4F779E220087057005179BA /* AFGraphNode2D.swift */; };
/* End PBXBuildFile section */

/* Begin PBXFileReference section */
		744D8F201F91E38300D4B048 /* AgentFlocks.app */ = {isa = PBXFileReference; explicitFileType = wrapper.application; includeInIndex = 0; path = AgentFlocks.app; sourceTree = BUILT_PRODUCTS_DIR; };
		744D8F231F91E38300D4B048 /* AppDelegate.swift */ = {isa = PBXFileReference; lastKnownFileType = sourcecode.swift; path = AppDelegate.swift; sourceTree = "<group>"; };
		744D8F251F91E38300D4B048 /* Assets.xcassets */ = {isa = PBXFileReference; lastKnownFileType = folder.assetcatalog; path = Assets.xcassets; sourceTree = "<group>"; };
		744D8F281F91E38300D4B048 /* Base */ = {isa = PBXFileReference; lastKnownFileType = file.xib; name = Base; path = Base.lproj/MainMenu.xib; sourceTree = "<group>"; };
		744D8F2A1F91E38300D4B048 /* Info.plist */ = {isa = PBXFileReference; lastKnownFileType = text.plist.xml; path = Info.plist; sourceTree = "<group>"; };
		744D8F2B1F91E38300D4B048 /* AgentFlocks.entitlements */ = {isa = PBXFileReference; lastKnownFileType = text.plist.entitlements; path = AgentFlocks.entitlements; sourceTree = "<group>"; };
		744D8F321F91E53A00D4B048 /* TopBarController.swift */ = {isa = PBXFileReference; lastKnownFileType = sourcecode.swift; path = TopBarController.swift; sourceTree = "<group>"; };
		744D8F331F91E53A00D4B048 /* TopBarView.xib */ = {isa = PBXFileReference; lastKnownFileType = file.xib; path = TopBarView.xib; sourceTree = "<group>"; };
		745F8F1D1F929AAA006B08AF /* Obstacle11.png */ = {isa = PBXFileReference; lastKnownFileType = image.png; path = Obstacle11.png; sourceTree = "<group>"; };
		745F8F1E1F929AAA006B08AF /* Obstacle15.png */ = {isa = PBXFileReference; lastKnownFileType = image.png; path = Obstacle15.png; sourceTree = "<group>"; };
		745F8F1F1F929AAA006B08AF /* Obstacle16.png */ = {isa = PBXFileReference; lastKnownFileType = image.png; path = Obstacle16.png; sourceTree = "<group>"; };
		745F8F201F929AAA006B08AF /* Obstacle20.png */ = {isa = PBXFileReference; lastKnownFileType = image.png; path = Obstacle20.png; sourceTree = "<group>"; };
		745F8F211F929AAA006B08AF /* Obstacle25.png */ = {isa = PBXFileReference; lastKnownFileType = image.png; path = Obstacle25.png; sourceTree = "<group>"; };
		745F8F221F929AAA006B08AF /* Obstacle13.png */ = {isa = PBXFileReference; lastKnownFileType = image.png; path = Obstacle13.png; sourceTree = "<group>"; };
		745F8F231F929AAA006B08AF /* Obstacle06.png */ = {isa = PBXFileReference; lastKnownFileType = image.png; path = Obstacle06.png; sourceTree = "<group>"; };
		745F8F241F929AAA006B08AF /* Obstacle04.png */ = {isa = PBXFileReference; lastKnownFileType = image.png; path = Obstacle04.png; sourceTree = "<group>"; };
		745F8F251F929AAA006B08AF /* Obstacle23.png */ = {isa = PBXFileReference; lastKnownFileType = image.png; path = Obstacle23.png; sourceTree = "<group>"; };
		745F8F261F929AAA006B08AF /* Obstacle28.png */ = {isa = PBXFileReference; lastKnownFileType = image.png; path = Obstacle28.png; sourceTree = "<group>"; };
		745F8F271F929AAA006B08AF /* Obstacle10.png */ = {isa = PBXFileReference; lastKnownFileType = image.png; path = Obstacle10.png; sourceTree = "<group>"; };
		745F8F281F929AAA006B08AF /* Obstacle26.png */ = {isa = PBXFileReference; lastKnownFileType = image.png; path = Obstacle26.png; sourceTree = "<group>"; };
		745F8F291F929AAA006B08AF /* Obstacle02.png */ = {isa = PBXFileReference; lastKnownFileType = image.png; path = Obstacle02.png; sourceTree = "<group>"; };
		745F8F2A1F929AAB006B08AF /* Obstacle12.png */ = {isa = PBXFileReference; lastKnownFileType = image.png; path = Obstacle12.png; sourceTree = "<group>"; };
		745F8F2B1F929AAB006B08AF /* Obstacle21.png */ = {isa = PBXFileReference; lastKnownFileType = image.png; path = Obstacle21.png; sourceTree = "<group>"; };
		745F8F2C1F929AAB006B08AF /* Obstacle19.png */ = {isa = PBXFileReference; lastKnownFileType = image.png; path = Obstacle19.png; sourceTree = "<group>"; };
		745F8F2D1F929AAB006B08AF /* Obstacle24.png */ = {isa = PBXFileReference; lastKnownFileType = image.png; path = Obstacle24.png; sourceTree = "<group>"; };
		745F8F2E1F929AAB006B08AF /* Obstacle01.png */ = {isa = PBXFileReference; lastKnownFileType = image.png; path = Obstacle01.png; sourceTree = "<group>"; };
		745F8F2F1F929AAB006B08AF /* Obstacle18.png */ = {isa = PBXFileReference; lastKnownFileType = image.png; path = Obstacle18.png; sourceTree = "<group>"; };
		745F8F301F929AAB006B08AF /* Obstacle07.png */ = {isa = PBXFileReference; lastKnownFileType = image.png; path = Obstacle07.png; sourceTree = "<group>"; };
		745F8F311F929AAB006B08AF /* Obstacle08.png */ = {isa = PBXFileReference; lastKnownFileType = image.png; path = Obstacle08.png; sourceTree = "<group>"; };
		745F8F321F929AAB006B08AF /* Obstacle14.png */ = {isa = PBXFileReference; lastKnownFileType = image.png; path = Obstacle14.png; sourceTree = "<group>"; };
		745F8F331F929AAB006B08AF /* Obstacle09.png */ = {isa = PBXFileReference; lastKnownFileType = image.png; path = Obstacle09.png; sourceTree = "<group>"; };
		745F8F341F929AAC006B08AF /* Obstacle29.png */ = {isa = PBXFileReference; lastKnownFileType = image.png; path = Obstacle29.png; sourceTree = "<group>"; };
		745F8F351F929AAC006B08AF /* Obstacle17.png */ = {isa = PBXFileReference; lastKnownFileType = image.png; path = Obstacle17.png; sourceTree = "<group>"; };
		745F8F361F929AAC006B08AF /* Obstacle03.png */ = {isa = PBXFileReference; lastKnownFileType = image.png; path = Obstacle03.png; sourceTree = "<group>"; };
		745F8F371F929AAC006B08AF /* Obstacle27.png */ = {isa = PBXFileReference; lastKnownFileType = image.png; path = Obstacle27.png; sourceTree = "<group>"; };
		745F8F381F929AAC006B08AF /* Obstacle05.png */ = {isa = PBXFileReference; lastKnownFileType = image.png; path = Obstacle05.png; sourceTree = "<group>"; };
		745F8F391F929AAC006B08AF /* Obstacle22.png */ = {isa = PBXFileReference; lastKnownFileType = image.png; path = Obstacle22.png; sourceTree = "<group>"; };
		74616DEB1FA9997800C9E23D /* SceneView.xib */ = {isa = PBXFileReference; lastKnownFileType = file.xib; path = SceneView.xib; sourceTree = "<group>"; };
		74622E791F9249CA00690C3C /* ImagesListController.swift */ = {isa = PBXFileReference; lastKnownFileType = sourcecode.swift; path = ImagesListController.swift; sourceTree = "<group>"; };
		74622E7A1F9249CA00690C3C /* ImagesListView.xib */ = {isa = PBXFileReference; lastKnownFileType = file.xib; path = ImagesListView.xib; sourceTree = "<group>"; };
		74622E821F927EEA00690C3C /* Agent05.png */ = {isa = PBXFileReference; lastKnownFileType = image.png; path = Agent05.png; sourceTree = "<group>"; };
		74622E831F927EEA00690C3C /* Agent02.png */ = {isa = PBXFileReference; lastKnownFileType = image.png; path = Agent02.png; sourceTree = "<group>"; };
		74622E841F927EEA00690C3C /* Agent03.png */ = {isa = PBXFileReference; lastKnownFileType = image.png; path = Agent03.png; sourceTree = "<group>"; };
		74622E851F927EEA00690C3C /* Agent06.png */ = {isa = PBXFileReference; lastKnownFileType = image.png; path = Agent06.png; sourceTree = "<group>"; };
		74622E861F927EEA00690C3C /* Agent01.png */ = {isa = PBXFileReference; lastKnownFileType = image.png; path = Agent01.png; sourceTree = "<group>"; };
		74622E871F927EEB00690C3C /* Agent04.png */ = {isa = PBXFileReference; lastKnownFileType = image.png; path = Agent04.png; sourceTree = "<group>"; };
		749386341FFFE1A500BAAF8E /* Configuration.swift */ = {isa = PBXFileReference; lastKnownFileType = sourcecode.swift; path = Configuration.swift; sourceTree = "<group>"; };
		749386361FFFECC300BAAF8E /* PreferencesController.swift */ = {isa = PBXFileReference; lastKnownFileType = sourcecode.swift; path = PreferencesController.swift; sourceTree = "<group>"; };
		749386371FFFECC300BAAF8E /* PreferencesWindow.xib */ = {isa = PBXFileReference; lastKnownFileType = file.xib; path = PreferencesWindow.xib; sourceTree = "<group>"; };
		7493863A200145C700BAAF8E /* ActiveImageView.swift */ = {isa = PBXFileReference; lastKnownFileType = sourcecode.swift; path = ActiveImageView.swift; sourceTree = "<group>"; };
		7493863C20052B3900BAAF8E /* CursorView.swift */ = {isa = PBXFileReference; lastKnownFileType = sourcecode.swift; path = CursorView.swift; sourceTree = "<group>"; };
		749386402007C9F700BAAF8E /* WindowContentView.swift */ = {isa = PBXFileReference; lastKnownFileType = sourcecode.swift; path = WindowContentView.swift; sourceTree = "<group>"; };
		74938642200AAAA000BAAF8E /* FlippedClipView.swift */ = {isa = PBXFileReference; lastKnownFileType = sourcecode.swift; path = FlippedClipView.swift; sourceTree = "<group>"; };
		74ECDF601F9913260096468F /* AgentAttributesController.swift */ = {isa = PBXFileReference; lastKnownFileType = sourcecode.swift; path = AgentAttributesController.swift; sourceTree = "<group>"; };
		74ECDF611F9913260096468F /* AgentAttributesView.xib */ = {isa = PBXFileReference; lastKnownFileType = file.xib; path = AgentAttributesView.xib; sourceTree = "<group>"; };
		74ECDF641F9B132C0096468F /* AgentGoalsController.swift */ = {isa = PBXFileReference; lastKnownFileType = sourcecode.swift; path = AgentGoalsController.swift; sourceTree = "<group>"; };
		74ECDF651F9B132C0096468F /* AgentGoalsView.xib */ = {isa = PBXFileReference; lastKnownFileType = file.xib; path = AgentGoalsView.xib; sourceTree = "<group>"; };
		74ECDF681F9B1C630096468F /* AgentEditorController.swift */ = {isa = PBXFileReference; lastKnownFileType = sourcecode.swift; path = AgentEditorController.swift; sourceTree = "<group>"; };
		74ECDF691F9B1C630096468F /* AgentEditorView.xib */ = {isa = PBXFileReference; lastKnownFileType = file.xib; path = AgentEditorView.xib; sourceTree = "<group>"; };
		74ECDF701F9C8ED40096468F /* Objects.txt */ = {isa = PBXFileReference; lastKnownFileType = text; path = Objects.txt; sourceTree = "<group>"; };
		74ECDF721F9CB5610096468F /* ItemEditorView.xib */ = {isa = PBXFileReference; fileEncoding = 4; lastKnownFileType = file.xib; path = ItemEditorView.xib; sourceTree = "<group>"; };
		74ECDF731F9CB5610096468F /* ItemEditorController.swift */ = {isa = PBXFileReference; fileEncoding = 4; lastKnownFileType = sourcecode.swift; path = ItemEditorController.swift; sourceTree = "<group>"; };
		D4053F041FF5E3A60038953B /* notes.txt */ = {isa = PBXFileReference; lastKnownFileType = text; path = notes.txt; sourceTree = "<group>"; };
		D43A7600200AEA390048796D /* AFInputState.swift */ = {isa = PBXFileReference; lastKnownFileType = sourcecode.swift; path = AFInputState.swift; sourceTree = "<group>"; };
		D43A7604200B23330048796D /* AFContextMenu.swift */ = {isa = PBXFileReference; lastKnownFileType = sourcecode.swift; path = AFContextMenu.swift; sourceTree = "<group>"; };
		D4422621200795070013A6E5 /* AFOrderedMap.swift */ = {isa = PBXFileReference; lastKnownFileType = sourcecode.swift; path = AFOrderedMap.swift; sourceTree = "<group>"; };
		D44256191FE7A19000FC454B /* GameScene.sks */ = {isa = PBXFileReference; lastKnownFileType = file.sks; path = GameScene.sks; sourceTree = "<group>"; };
		D442561D1FE7A2F000FC454B /* SceneController.swift */ = {isa = PBXFileReference; fileEncoding = 4; lastKnownFileType = sourcecode.swift; path = SceneController.swift; sourceTree = "<group>"; };
		D442561F1FE7A41800FC454B /* GameScene.swift */ = {isa = PBXFileReference; fileEncoding = 4; lastKnownFileType = sourcecode.swift; path = GameScene.swift; sourceTree = "<group>"; };
		D44256241FE8048100FC454B /* AFEntity.swift */ = {isa = PBXFileReference; lastKnownFileType = sourcecode.swift; path = AFEntity.swift; sourceTree = "<group>"; };
		D44256261FE804F000FC454B /* AFAgent2D.swift */ = {isa = PBXFileReference; lastKnownFileType = sourcecode.swift; path = AFAgent2D.swift; sourceTree = "<group>"; };
		D442562A1FE80FA000FC454B /* README.md */ = {isa = PBXFileReference; lastKnownFileType = net.daringfireball.markdown; path = README.md; sourceTree = "<group>"; };
		D4506DD41FFE65B50077A42A /* AFPath.swift */ = {isa = PBXFileReference; lastKnownFileType = sourcecode.swift; path = AFPath.swift; sourceTree = "<group>"; };
		D472A36F1FFFD6850030ACA8 /* LogSliderController.swift */ = {isa = PBXFileReference; fileEncoding = 4; lastKnownFileType = sourcecode.swift; path = LogSliderController.swift; sourceTree = "<group>"; };
		D472A3701FFFD6860030ACA8 /* LogSliderView.xib */ = {isa = PBXFileReference; fileEncoding = 4; lastKnownFileType = file.xib; path = LogSliderView.xib; sourceTree = "<group>"; };
		D47BC1F31FECCFE600B3CE6B /* Round2.txt */ = {isa = PBXFileReference; lastKnownFileType = text; path = Round2.txt; sourceTree = "<group>"; };
		D4AEE5F8200FD19400933852 /* AFContextMenuDelegate.swift */ = {isa = PBXFileReference; lastKnownFileType = sourcecode.swift; path = AFContextMenuDelegate.swift; sourceTree = "<group>"; };
		D4AEE5FA200FF44E00933852 /* AFGameSceneDelegate.swift */ = {isa = PBXFileReference; lastKnownFileType = sourcecode.swift; path = AFGameSceneDelegate.swift; sourceTree = "<group>"; };
		D4C7EADC1FFD01F40008FBCD /* AFCompositeBehavior.swift */ = {isa = PBXFileReference; lastKnownFileType = sourcecode.swift; path = AFCompositeBehavior.swift; sourceTree = "<group>"; };
		D4C7EADE1FFD04730008FBCD /* AFBehavior.swift */ = {isa = PBXFileReference; lastKnownFileType = sourcecode.swift; path = AFBehavior.swift; sourceTree = "<group>"; };
		D4C7EAE01FFD06EE0008FBCD /* AFGoal.swift */ = {isa = PBXFileReference; lastKnownFileType = sourcecode.swift; path = AFGoal.swift; sourceTree = "<group>"; };
		D4C7EAE21FFD93C00008FBCD /* Agent07.png */ = {isa = PBXFileReference; lastKnownFileType = image.png; path = Agent07.png; sourceTree = "<group>"; };
		D4C942D8200C39CD00A85BCB /* AFBrowserDelegate.swift */ = {isa = PBXFileReference; lastKnownFileType = sourcecode.swift; path = AFBrowserDelegate.swift; sourceTree = "<group>"; };
		D4C9616A200EAE2500ACFCC5 /* AFSelectionState.swift */ = {isa = PBXFileReference; fileEncoding = 4; lastKnownFileType = sourcecode.swift; path = AFSelectionState.swift; sourceTree = "<group>"; };
		D4D1655A200CA2B60065728D /* AFMenuBarDelegate.swift */ = {isa = PBXFileReference; lastKnownFileType = sourcecode.swift; path = AFMenuBarDelegate.swift; sourceTree = "<group>"; };
		D4D1655C200D401E0065728D /* AFTopBarDelegate.swift */ = {isa = PBXFileReference; lastKnownFileType = sourcecode.swift; path = AFTopBarDelegate.swift; sourceTree = "<group>"; };
		D4D1655E200D45A40065728D /* AFAgentGoalsDelegate.swift */ = {isa = PBXFileReference; lastKnownFileType = sourcecode.swift; path = AFAgentGoalsDelegate.swift; sourceTree = "<group>"; };
		D4D16560200D61040065728D /* AFItemEditorDelegate.swift */ = {isa = PBXFileReference; lastKnownFileType = sourcecode.swift; path = AFItemEditorDelegate.swift; sourceTree = "<group>"; };
		D4D16563200E93420065728D /* AFCore.swift */ = {isa = PBXFileReference; lastKnownFileType = sourcecode.swift; path = AFCore.swift; sourceTree = "<group>"; };
		D4D16565200E938E0065728D /* AFData.swift */ = {isa = PBXFileReference; lastKnownFileType = sourcecode.swift; path = AFData.swift; sourceTree = "<group>"; };
		D4D16567200E942E0065728D /* AFInputState_Draw.swift */ = {isa = PBXFileReference; lastKnownFileType = sourcecode.swift; path = AFInputState_Draw.swift; sourceTree = "<group>"; };
		D4D16569200E945B0065728D /* AFInputState_Place.swift */ = {isa = PBXFileReference; lastKnownFileType = sourcecode.swift; path = AFInputState_Place.swift; sourceTree = "<group>"; };
		D4F779E220087057005179BA /* AFGraphNode2D.swift */ = {isa = PBXFileReference; fileEncoding = 4; lastKnownFileType = sourcecode.swift; path = AFGraphNode2D.swift; sourceTree = "<group>"; };
/* End PBXFileReference section */

/* Begin PBXFrameworksBuildPhase section */
		744D8F1D1F91E38300D4B048 /* Frameworks */ = {
			isa = PBXFrameworksBuildPhase;
			buildActionMask = 2147483647;
			files = (
			);
			runOnlyForDeploymentPostprocessing = 0;
		};
/* End PBXFrameworksBuildPhase section */

/* Begin PBXGroup section */
		744D8F171F91E38200D4B048 = {
			isa = PBXGroup;
			children = (
				D442562A1FE80FA000FC454B /* README.md */,
				744D8F221F91E38300D4B048 /* AgentFlocks */,
				744D8F211F91E38300D4B048 /* Products */,
			);
			sourceTree = "<group>";
		};
		744D8F211F91E38300D4B048 /* Products */ = {
			isa = PBXGroup;
			children = (
				744D8F201F91E38300D4B048 /* AgentFlocks.app */,
			);
			name = Products;
			sourceTree = "<group>";
		};
		744D8F221F91E38300D4B048 /* AgentFlocks */ = {
			isa = PBXGroup;
			children = (
				749386341FFFE1A500BAAF8E /* Configuration.swift */,
				D442561F1FE7A41800FC454B /* GameScene.swift */,
				D44256191FE7A19000FC454B /* GameScene.sks */,
				74ECDF701F9C8ED40096468F /* Objects.txt */,
				D47BC1F31FECCFE600B3CE6B /* Round2.txt */,
				D4053F041FF5E3A60038953B /* notes.txt */,
				744D8F231F91E38300D4B048 /* AppDelegate.swift */,
				744D8F311F91E40200D4B048 /* Components */,
				74622E7F1F927D3900690C3C /* Resources */,
				D44256211FE7F9DE00FC454B /* Source */,
				744D8F251F91E38300D4B048 /* Assets.xcassets */,
				744D8F271F91E38300D4B048 /* MainMenu.xib */,
				744D8F2A1F91E38300D4B048 /* Info.plist */,
				744D8F2B1F91E38300D4B048 /* AgentFlocks.entitlements */,
			);
			path = AgentFlocks;
			sourceTree = "<group>";
		};
		744D8F311F91E40200D4B048 /* Components */ = {
			isa = PBXGroup;
			children = (
				D472A36F1FFFD6850030ACA8 /* LogSliderController.swift */,
				D472A3701FFFD6860030ACA8 /* LogSliderView.xib */,
				744D8F321F91E53A00D4B048 /* TopBarController.swift */,
				744D8F331F91E53A00D4B048 /* TopBarView.xib */,
				74622E791F9249CA00690C3C /* ImagesListController.swift */,
				74622E7A1F9249CA00690C3C /* ImagesListView.xib */,
				74ECDF601F9913260096468F /* AgentAttributesController.swift */,
				74ECDF611F9913260096468F /* AgentAttributesView.xib */,
				74ECDF641F9B132C0096468F /* AgentGoalsController.swift */,
				74ECDF651F9B132C0096468F /* AgentGoalsView.xib */,
				74ECDF681F9B1C630096468F /* AgentEditorController.swift */,
				74ECDF691F9B1C630096468F /* AgentEditorView.xib */,
				74ECDF731F9CB5610096468F /* ItemEditorController.swift */,
				74ECDF721F9CB5610096468F /* ItemEditorView.xib */,
				D442561D1FE7A2F000FC454B /* SceneController.swift */,
				74616DEB1FA9997800C9E23D /* SceneView.xib */,
				749386361FFFECC300BAAF8E /* PreferencesController.swift */,
				749386371FFFECC300BAAF8E /* PreferencesWindow.xib */,
				7493863A200145C700BAAF8E /* ActiveImageView.swift */,
				7493863C20052B3900BAAF8E /* CursorView.swift */,
				749386402007C9F700BAAF8E /* WindowContentView.swift */,
				74938642200AAAA000BAAF8E /* FlippedClipView.swift */,
			);
			path = Components;
			sourceTree = "<group>";
		};
		74622E7F1F927D3900690C3C /* Resources */ = {
			isa = PBXGroup;
			children = (
				74622E801F927D4500690C3C /* Agents */,
				74622E811F927D5400690C3C /* Obstacles */,
			);
			path = Resources;
			sourceTree = "<group>";
		};
		74622E801F927D4500690C3C /* Agents */ = {
			isa = PBXGroup;
			children = (
				74622E861F927EEA00690C3C /* Agent01.png */,
				74622E831F927EEA00690C3C /* Agent02.png */,
				74622E841F927EEA00690C3C /* Agent03.png */,
				74622E871F927EEB00690C3C /* Agent04.png */,
				74622E821F927EEA00690C3C /* Agent05.png */,
				74622E851F927EEA00690C3C /* Agent06.png */,
				D4C7EAE21FFD93C00008FBCD /* Agent07.png */,
			);
			path = Agents;
			sourceTree = "<group>";
		};
		74622E811F927D5400690C3C /* Obstacles */ = {
			isa = PBXGroup;
			children = (
				745F8F2E1F929AAB006B08AF /* Obstacle01.png */,
				745F8F291F929AAA006B08AF /* Obstacle02.png */,
				745F8F361F929AAC006B08AF /* Obstacle03.png */,
				745F8F241F929AAA006B08AF /* Obstacle04.png */,
				745F8F381F929AAC006B08AF /* Obstacle05.png */,
				745F8F231F929AAA006B08AF /* Obstacle06.png */,
				745F8F301F929AAB006B08AF /* Obstacle07.png */,
				745F8F311F929AAB006B08AF /* Obstacle08.png */,
				745F8F331F929AAB006B08AF /* Obstacle09.png */,
				745F8F271F929AAA006B08AF /* Obstacle10.png */,
				745F8F1D1F929AAA006B08AF /* Obstacle11.png */,
				745F8F2A1F929AAB006B08AF /* Obstacle12.png */,
				745F8F221F929AAA006B08AF /* Obstacle13.png */,
				745F8F321F929AAB006B08AF /* Obstacle14.png */,
				745F8F1E1F929AAA006B08AF /* Obstacle15.png */,
				745F8F1F1F929AAA006B08AF /* Obstacle16.png */,
				745F8F351F929AAC006B08AF /* Obstacle17.png */,
				745F8F2F1F929AAB006B08AF /* Obstacle18.png */,
				745F8F2C1F929AAB006B08AF /* Obstacle19.png */,
				745F8F201F929AAA006B08AF /* Obstacle20.png */,
				745F8F2B1F929AAB006B08AF /* Obstacle21.png */,
				745F8F391F929AAC006B08AF /* Obstacle22.png */,
				745F8F251F929AAA006B08AF /* Obstacle23.png */,
				745F8F2D1F929AAB006B08AF /* Obstacle24.png */,
				745F8F211F929AAA006B08AF /* Obstacle25.png */,
				745F8F281F929AAA006B08AF /* Obstacle26.png */,
				745F8F371F929AAC006B08AF /* Obstacle27.png */,
				745F8F261F929AAA006B08AF /* Obstacle28.png */,
				745F8F341F929AAC006B08AF /* Obstacle29.png */,
			);
			path = Obstacles;
			sourceTree = "<group>";
		};
		D44256211FE7F9DE00FC454B /* Source */ = {
			isa = PBXGroup;
			children = (
				D4D16562200D7F880065728D /* Delegates */,
				D44256261FE804F000FC454B /* AFAgent2D.swift */,
				D4C7EADE1FFD04730008FBCD /* AFBehavior.swift */,
				D4C7EADC1FFD01F40008FBCD /* AFCompositeBehavior.swift */,
				D43A7604200B23330048796D /* AFContextMenu.swift */,
				D4D16563200E93420065728D /* AFCore.swift */,
				D4D16565200E938E0065728D /* AFData.swift */,
				D44256241FE8048100FC454B /* AFEntity.swift */,
				D4C7EAE01FFD06EE0008FBCD /* AFGoal.swift */,
				D4F779E220087057005179BA /* AFGraphNode2D.swift */,
				D43A7600200AEA390048796D /* AFInputState.swift */,
				D4D16567200E942E0065728D /* AFInputState_Draw.swift */,
				D4D16569200E945B0065728D /* AFInputState_Place.swift */,
				D4422621200795070013A6E5 /* AFOrderedMap.swift */,
				D4506DD41FFE65B50077A42A /* AFPath.swift */,
				D4C9616A200EAE2500ACFCC5 /* AFSelectionState.swift */,
			);
			path = Source;
			sourceTree = "<group>";
		};
		D4D16562200D7F880065728D /* Delegates */ = {
			isa = PBXGroup;
			children = (
				D4D1655E200D45A40065728D /* AFAgentGoalsDelegate.swift */,
				D4C942D8200C39CD00A85BCB /* AFBrowserDelegate.swift */,
				D4AEE5F8200FD19400933852 /* AFContextMenuDelegate.swift */,
				D4AEE5FA200FF44E00933852 /* AFGameSceneDelegate.swift */,
				D4D16560200D61040065728D /* AFItemEditorDelegate.swift */,
				D4D1655A200CA2B60065728D /* AFMenuBarDelegate.swift */,
				D4D1655C200D401E0065728D /* AFTopBarDelegate.swift */,
			);
			path = Delegates;
			sourceTree = "<group>";
		};
/* End PBXGroup section */

/* Begin PBXNativeTarget section */
		744D8F1F1F91E38300D4B048 /* AgentFlocks */ = {
			isa = PBXNativeTarget;
			buildConfigurationList = 744D8F2E1F91E38300D4B048 /* Build configuration list for PBXNativeTarget "AgentFlocks" */;
			buildPhases = (
				744D8F1C1F91E38300D4B048 /* Sources */,
				744D8F1D1F91E38300D4B048 /* Frameworks */,
				744D8F1E1F91E38300D4B048 /* Resources */,
			);
			buildRules = (
			);
			dependencies = (
			);
			name = AgentFlocks;
			productName = AgentFlocks;
			productReference = 744D8F201F91E38300D4B048 /* AgentFlocks.app */;
			productType = "com.apple.product-type.application";
		};
/* End PBXNativeTarget section */

/* Begin PBXProject section */
		744D8F181F91E38200D4B048 /* Project object */ = {
			isa = PBXProject;
			attributes = {
				LastSwiftUpdateCheck = 0900;
				LastUpgradeCheck = 0900;
				ORGANIZATIONNAME = TriKatz;
				TargetAttributes = {
					744D8F1F1F91E38300D4B048 = {
						CreatedOnToolsVersion = 9.0;
						ProvisioningStyle = Automatic;
					};
				};
			};
			buildConfigurationList = 744D8F1B1F91E38200D4B048 /* Build configuration list for PBXProject "AgentFlocks" */;
			compatibilityVersion = "Xcode 8.0";
			developmentRegion = en;
			hasScannedForEncodings = 0;
			knownRegions = (
				en,
				Base,
			);
			mainGroup = 744D8F171F91E38200D4B048;
			productRefGroup = 744D8F211F91E38300D4B048 /* Products */;
			projectDirPath = "";
			projectRoot = "";
			targets = (
				744D8F1F1F91E38300D4B048 /* AgentFlocks */,
			);
		};
/* End PBXProject section */

/* Begin PBXResourcesBuildPhase section */
		744D8F1E1F91E38300D4B048 /* Resources */ = {
			isa = PBXResourcesBuildPhase;
			buildActionMask = 2147483647;
			files = (
				745F8F401F929AB4006B08AF /* Obstacle07.png in Resources */,
				74622E9A1F927FBE00690C3C /* Agent06.png in Resources */,
				745F8F4D1F929AB4006B08AF /* Obstacle20.png in Resources */,
				D442561A1FE7A19000FC454B /* GameScene.sks in Resources */,
				74622E981F927FBE00690C3C /* Agent04.png in Resources */,
				74616DEC1FA9997800C9E23D /* SceneView.xib in Resources */,
				D442562B1FE80FA000FC454B /* README.md in Resources */,
				745F8F4C1F929AB4006B08AF /* Obstacle19.png in Resources */,
				745F8F471F929AB4006B08AF /* Obstacle14.png in Resources */,
				74622E951F927FB600690C3C /* Agent01.png in Resources */,
				745F8F3A1F929AB4006B08AF /* Obstacle01.png in Resources */,
				745F8F4A1F929AB4006B08AF /* Obstacle17.png in Resources */,
				D4053F051FF5E3A60038953B /* notes.txt in Resources */,
				745F8F451F929AB4006B08AF /* Obstacle12.png in Resources */,
				D472A3721FFFD6860030ACA8 /* LogSliderView.xib in Resources */,
				74ECDF671F9B132C0096468F /* AgentGoalsView.xib in Resources */,
				D4C7EAE31FFD93C00008FBCD /* Agent07.png in Resources */,
				745F8F481F929AB4006B08AF /* Obstacle15.png in Resources */,
				745F8F3F1F929AB4006B08AF /* Obstacle06.png in Resources */,
				745F8F491F929AB4006B08AF /* Obstacle16.png in Resources */,
				745F8F4B1F929AB4006B08AF /* Obstacle18.png in Resources */,
				745F8F531F929AB4006B08AF /* Obstacle26.png in Resources */,
				745F8F541F929AB4006B08AF /* Obstacle27.png in Resources */,
				74ECDF631F9913260096468F /* AgentAttributesView.xib in Resources */,
				745F8F3B1F929AB4006B08AF /* Obstacle02.png in Resources */,
				745F8F431F929AB4006B08AF /* Obstacle10.png in Resources */,
				74622E991F927FBE00690C3C /* Agent05.png in Resources */,
				745F8F521F929AB4006B08AF /* Obstacle25.png in Resources */,
				74622E7C1F9249CA00690C3C /* ImagesListView.xib in Resources */,
				745F8F4F1F929AB4006B08AF /* Obstacle22.png in Resources */,
				745F8F3E1F929AB4006B08AF /* Obstacle05.png in Resources */,
				745F8F511F929AB4006B08AF /* Obstacle24.png in Resources */,
				74ECDF741F9CB5610096468F /* ItemEditorView.xib in Resources */,
				74622E961F927FBE00690C3C /* Agent02.png in Resources */,
				745F8F421F929AB4006B08AF /* Obstacle09.png in Resources */,
				744D8F351F91E53A00D4B048 /* TopBarView.xib in Resources */,
				745F8F3C1F929AB4006B08AF /* Obstacle03.png in Resources */,
				744D8F261F91E38300D4B048 /* Assets.xcassets in Resources */,
				D47BC1F41FECCFE600B3CE6B /* Round2.txt in Resources */,
				744D8F291F91E38300D4B048 /* MainMenu.xib in Resources */,
				749386391FFFECC300BAAF8E /* PreferencesWindow.xib in Resources */,
				745F8F551F929AB4006B08AF /* Obstacle28.png in Resources */,
				745F8F3D1F929AB4006B08AF /* Obstacle04.png in Resources */,
				74ECDF711F9C8ED40096468F /* Objects.txt in Resources */,
				745F8F441F929AB4006B08AF /* Obstacle11.png in Resources */,
				745F8F411F929AB4006B08AF /* Obstacle08.png in Resources */,
				D44FCF2E1FFF5AA30067258D /* (null) in Resources */,
				745F8F501F929AB4006B08AF /* Obstacle23.png in Resources */,
				745F8F561F929AB4006B08AF /* Obstacle29.png in Resources */,
				745F8F4E1F929AB4006B08AF /* Obstacle21.png in Resources */,
				74ECDF6B1F9B1C630096468F /* AgentEditorView.xib in Resources */,
				745F8F461F929AB4006B08AF /* Obstacle13.png in Resources */,
				74622E971F927FBE00690C3C /* Agent03.png in Resources */,
			);
			runOnlyForDeploymentPostprocessing = 0;
		};
/* End PBXResourcesBuildPhase section */

/* Begin PBXSourcesBuildPhase section */
		744D8F1C1F91E38300D4B048 /* Sources */ = {
			isa = PBXSourcesBuildPhase;
			buildActionMask = 2147483647;
			files = (
				D44256201FE7A41800FC454B /* GameScene.swift in Sources */,
				74ECDF751F9CB5610096468F /* ItemEditorController.swift in Sources */,
				D4AEE5F9200FD19400933852 /* AFContextMenuDelegate.swift in Sources */,
				749386351FFFE1A500BAAF8E /* Configuration.swift in Sources */,
				D4C7EADF1FFD04730008FBCD /* AFBehavior.swift in Sources */,
				D4D16561200D61040065728D /* AFItemEditorDelegate.swift in Sources */,
				D4D16568200E942E0065728D /* AFInputState_Draw.swift in Sources */,
				744D8F241F91E38300D4B048 /* AppDelegate.swift in Sources */,
				D4D16566200E938E0065728D /* AFData.swift in Sources */,
				D442561E1FE7A2F000FC454B /* SceneController.swift in Sources */,
				D44256251FE8048100FC454B /* AFEntity.swift in Sources */,
				749386412007C9F700BAAF8E /* WindowContentView.swift in Sources */,
				74ECDF661F9B132C0096468F /* AgentGoalsController.swift in Sources */,
				D43A7601200AEA390048796D /* AFInputState.swift in Sources */,
				D4D1655F200D45A40065728D /* AFAgentGoalsDelegate.swift in Sources */,
				74622E7B1F9249CA00690C3C /* ImagesListController.swift in Sources */,
				D4F779E320087057005179BA /* AFGraphNode2D.swift in Sources */,
				7493863B200145C700BAAF8E /* ActiveImageView.swift in Sources */,
				74ECDF621F9913260096468F /* AgentAttributesController.swift in Sources */,
				D4D1655B200CA2B60065728D /* AFMenuBarDelegate.swift in Sources */,
				D4C9616B200EAE2500ACFCC5 /* AFSelectionState.swift in Sources */,
				D44256271FE804F000FC454B /* AFAgent2D.swift in Sources */,
				D43A7605200B23330048796D /* AFContextMenu.swift in Sources */,
				D4422622200795070013A6E5 /* AFOrderedMap.swift in Sources */,
				74ECDF6A1F9B1C630096468F /* AgentEditorController.swift in Sources */,
				7493863D20052B3900BAAF8E /* CursorView.swift in Sources */,
				D472A3711FFFD6860030ACA8 /* LogSliderController.swift in Sources */,
				D4D16564200E93420065728D /* AFCore.swift in Sources */,
				D4D1655D200D401E0065728D /* AFTopBarDelegate.swift in Sources */,
				D4C7EAE11FFD06EE0008FBCD /* AFGoal.swift in Sources */,
				74938643200AAAA000BAAF8E /* FlippedClipView.swift in Sources */,
				749386381FFFECC300BAAF8E /* PreferencesController.swift in Sources */,
				D4C942D9200C39CD00A85BCB /* AFBrowserDelegate.swift in Sources */,
				D4C7EADD1FFD01F40008FBCD /* AFCompositeBehavior.swift in Sources */,
				744D8F341F91E53A00D4B048 /* TopBarController.swift in Sources */,
				D4506DD51FFE65B50077A42A /* AFPath.swift in Sources */,
				D4D1656A200E945B0065728D /* AFInputState_Place.swift in Sources */,
				D4AEE5FB200FF44E00933852 /* AFGameSceneDelegate.swift in Sources */,
			);
			runOnlyForDeploymentPostprocessing = 0;
		};
/* End PBXSourcesBuildPhase section */

/* Begin PBXVariantGroup section */
		744D8F271F91E38300D4B048 /* MainMenu.xib */ = {
			isa = PBXVariantGroup;
			children = (
				744D8F281F91E38300D4B048 /* Base */,
			);
			name = MainMenu.xib;
			sourceTree = "<group>";
		};
/* End PBXVariantGroup section */

/* Begin XCBuildConfiguration section */
		744D8F2C1F91E38300D4B048 /* Debug */ = {
			isa = XCBuildConfiguration;
			buildSettings = {
				ALWAYS_SEARCH_USER_PATHS = NO;
				CLANG_ANALYZER_NONNULL = YES;
				CLANG_ANALYZER_NUMBER_OBJECT_CONVERSION = YES_AGGRESSIVE;
				CLANG_CXX_LANGUAGE_STANDARD = "gnu++14";
				CLANG_CXX_LIBRARY = "libc++";
				CLANG_ENABLE_MODULES = YES;
				CLANG_ENABLE_OBJC_ARC = YES;
				CLANG_WARN_BLOCK_CAPTURE_AUTORELEASING = YES;
				CLANG_WARN_BOOL_CONVERSION = YES;
				CLANG_WARN_COMMA = YES;
				CLANG_WARN_CONSTANT_CONVERSION = YES;
				CLANG_WARN_DIRECT_OBJC_ISA_USAGE = YES_ERROR;
				CLANG_WARN_DOCUMENTATION_COMMENTS = YES;
				CLANG_WARN_EMPTY_BODY = YES;
				CLANG_WARN_ENUM_CONVERSION = YES;
				CLANG_WARN_INFINITE_RECURSION = YES;
				CLANG_WARN_INT_CONVERSION = YES;
				CLANG_WARN_NON_LITERAL_NULL_CONVERSION = YES;
				CLANG_WARN_OBJC_LITERAL_CONVERSION = YES;
				CLANG_WARN_OBJC_ROOT_CLASS = YES_ERROR;
				CLANG_WARN_RANGE_LOOP_ANALYSIS = YES;
				CLANG_WARN_STRICT_PROTOTYPES = YES;
				CLANG_WARN_SUSPICIOUS_MOVE = YES;
				CLANG_WARN_UNGUARDED_AVAILABILITY = YES_AGGRESSIVE;
				CLANG_WARN_UNREACHABLE_CODE = YES;
				CLANG_WARN__DUPLICATE_METHOD_MATCH = YES;
				CODE_SIGN_IDENTITY = "Mac Developer";
				COPY_PHASE_STRIP = NO;
				DEBUG_INFORMATION_FORMAT = dwarf;
				ENABLE_STRICT_OBJC_MSGSEND = YES;
				ENABLE_TESTABILITY = YES;
				GCC_C_LANGUAGE_STANDARD = gnu11;
				GCC_DYNAMIC_NO_PIC = NO;
				GCC_NO_COMMON_BLOCKS = YES;
				GCC_OPTIMIZATION_LEVEL = 0;
				GCC_PREPROCESSOR_DEFINITIONS = (
					"DEBUG=1",
					"$(inherited)",
				);
				GCC_WARN_64_TO_32_BIT_CONVERSION = YES;
				GCC_WARN_ABOUT_RETURN_TYPE = YES_ERROR;
				GCC_WARN_UNDECLARED_SELECTOR = YES;
				GCC_WARN_UNINITIALIZED_AUTOS = YES_AGGRESSIVE;
				GCC_WARN_UNUSED_FUNCTION = YES;
				GCC_WARN_UNUSED_VARIABLE = YES;
				MACOSX_DEPLOYMENT_TARGET = 10.13;
				MTL_ENABLE_DEBUG_INFO = YES;
				ONLY_ACTIVE_ARCH = YES;
				SDKROOT = macosx;
				SWIFT_ACTIVE_COMPILATION_CONDITIONS = DEBUG;
				SWIFT_OPTIMIZATION_LEVEL = "-Onone";
			};
			name = Debug;
		};
		744D8F2D1F91E38300D4B048 /* Release */ = {
			isa = XCBuildConfiguration;
			buildSettings = {
				ALWAYS_SEARCH_USER_PATHS = NO;
				CLANG_ANALYZER_NONNULL = YES;
				CLANG_ANALYZER_NUMBER_OBJECT_CONVERSION = YES_AGGRESSIVE;
				CLANG_CXX_LANGUAGE_STANDARD = "gnu++14";
				CLANG_CXX_LIBRARY = "libc++";
				CLANG_ENABLE_MODULES = YES;
				CLANG_ENABLE_OBJC_ARC = YES;
				CLANG_WARN_BLOCK_CAPTURE_AUTORELEASING = YES;
				CLANG_WARN_BOOL_CONVERSION = YES;
				CLANG_WARN_COMMA = YES;
				CLANG_WARN_CONSTANT_CONVERSION = YES;
				CLANG_WARN_DIRECT_OBJC_ISA_USAGE = YES_ERROR;
				CLANG_WARN_DOCUMENTATION_COMMENTS = YES;
				CLANG_WARN_EMPTY_BODY = YES;
				CLANG_WARN_ENUM_CONVERSION = YES;
				CLANG_WARN_INFINITE_RECURSION = YES;
				CLANG_WARN_INT_CONVERSION = YES;
				CLANG_WARN_NON_LITERAL_NULL_CONVERSION = YES;
				CLANG_WARN_OBJC_LITERAL_CONVERSION = YES;
				CLANG_WARN_OBJC_ROOT_CLASS = YES_ERROR;
				CLANG_WARN_RANGE_LOOP_ANALYSIS = YES;
				CLANG_WARN_STRICT_PROTOTYPES = YES;
				CLANG_WARN_SUSPICIOUS_MOVE = YES;
				CLANG_WARN_UNGUARDED_AVAILABILITY = YES_AGGRESSIVE;
				CLANG_WARN_UNREACHABLE_CODE = YES;
				CLANG_WARN__DUPLICATE_METHOD_MATCH = YES;
				CODE_SIGN_IDENTITY = "Mac Developer";
				COPY_PHASE_STRIP = NO;
				DEBUG_INFORMATION_FORMAT = "dwarf-with-dsym";
				ENABLE_NS_ASSERTIONS = NO;
				ENABLE_STRICT_OBJC_MSGSEND = YES;
				GCC_C_LANGUAGE_STANDARD = gnu11;
				GCC_NO_COMMON_BLOCKS = YES;
				GCC_WARN_64_TO_32_BIT_CONVERSION = YES;
				GCC_WARN_ABOUT_RETURN_TYPE = YES_ERROR;
				GCC_WARN_UNDECLARED_SELECTOR = YES;
				GCC_WARN_UNINITIALIZED_AUTOS = YES_AGGRESSIVE;
				GCC_WARN_UNUSED_FUNCTION = YES;
				GCC_WARN_UNUSED_VARIABLE = YES;
				MACOSX_DEPLOYMENT_TARGET = 10.13;
				MTL_ENABLE_DEBUG_INFO = NO;
				SDKROOT = macosx;
				SWIFT_OPTIMIZATION_LEVEL = "-Owholemodule";
			};
			name = Release;
		};
		744D8F2F1F91E38300D4B048 /* Debug */ = {
			isa = XCBuildConfiguration;
			buildSettings = {
				ASSETCATALOG_COMPILER_APPICON_NAME = "AppIcon-1";
				CODE_SIGN_ENTITLEMENTS = AgentFlocks/AgentFlocks.entitlements;
				CODE_SIGN_STYLE = Automatic;
				COMBINE_HIDPI_IMAGES = YES;
				DEVELOPMENT_TEAM = DD983V4X84;
				INFOPLIST_FILE = AgentFlocks/Info.plist;
				LD_RUNPATH_SEARCH_PATHS = "$(inherited) @executable_path/../Frameworks";
				MACOSX_DEPLOYMENT_TARGET = 10.12;
				PRODUCT_BUNDLE_IDENTIFIER = com.BoringSoftware.Goalkeeper;
				PRODUCT_NAME = "$(TARGET_NAME)";
				SWIFT_VERSION = 4.0;
			};
			name = Debug;
		};
		744D8F301F91E38300D4B048 /* Release */ = {
			isa = XCBuildConfiguration;
			buildSettings = {
				ASSETCATALOG_COMPILER_APPICON_NAME = "AppIcon-1";
				CODE_SIGN_ENTITLEMENTS = AgentFlocks/AgentFlocks.entitlements;
				CODE_SIGN_STYLE = Automatic;
				COMBINE_HIDPI_IMAGES = YES;
				DEVELOPMENT_TEAM = DD983V4X84;
				INFOPLIST_FILE = AgentFlocks/Info.plist;
				LD_RUNPATH_SEARCH_PATHS = "$(inherited) @executable_path/../Frameworks";
				MACOSX_DEPLOYMENT_TARGET = 10.12;
				PRODUCT_BUNDLE_IDENTIFIER = com.BoringSoftware.Goalkeeper;
				PRODUCT_NAME = "$(TARGET_NAME)";
				SWIFT_VERSION = 4.0;
			};
			name = Release;
		};
/* End XCBuildConfiguration section */

/* Begin XCConfigurationList section */
		744D8F1B1F91E38200D4B048 /* Build configuration list for PBXProject "AgentFlocks" */ = {
			isa = XCConfigurationList;
			buildConfigurations = (
				744D8F2C1F91E38300D4B048 /* Debug */,
				744D8F2D1F91E38300D4B048 /* Release */,
			);
			defaultConfigurationIsVisible = 0;
			defaultConfigurationName = Release;
		};
		744D8F2E1F91E38300D4B048 /* Build configuration list for PBXNativeTarget "AgentFlocks" */ = {
			isa = XCConfigurationList;
			buildConfigurations = (
				744D8F2F1F91E38300D4B048 /* Debug */,
				744D8F301F91E38300D4B048 /* Release */,
			);
			defaultConfigurationIsVisible = 0;
			defaultConfigurationName = Release;
		};
/* End XCConfigurationList section */
	};
	rootObject = 744D8F181F91E38200D4B048 /* Project object */;
}
